
Microsoft Visual Studio Solution File, Format Version 12.00
# Visual Studio Version 17
VisualStudioVersion = 17.3.32901.215
MinimumVisualStudioVersion = 10.0.40219.1
Project("{9A19103F-16F7-4668-BE54-9A1E7A4F7556}") = "Output", "Output\Output.csproj", "{99F9956C-5F1D-4B13-84E3-9D7971B86C64}"
EndProject
Project("{9A19103F-16F7-4668-BE54-9A1E7A4F7556}") = "Variables", "Variables\Variables.csproj", "{B1B68385-6C75-4AEF-A1A0-0D31B916D296}"
EndProject
Project("{9A19103F-16F7-4668-BE54-9A1E7A4F7556}") = "Constants", "Constants\Constants.csproj", "{B4245163-5C09-40F9-90BF-0724DA9725D8}"
EndProject
Project("{9A19103F-16F7-4668-BE54-9A1E7A4F7556}") = "Typecasting", "TypeCasting\Typecasting.csproj", "{C9BC847D-7672-4CC6-A3DD-100D0E744B53}"
EndProject
Project("{9A19103F-16F7-4668-BE54-9A1E7A4F7556}") = "Userinput", "UserInput\Userinput.csproj", "{0A6BDB6A-ACB6-43FE-9FCC-18444150C59B}"
EndProject
Project("{9A19103F-16F7-4668-BE54-9A1E7A4F7556}") = "Methods", "Methods\Methods.csproj", "{250E23B1-4955-4636-907E-D9831A933CDD}"
EndProject
Project("{9A19103F-16F7-4668-BE54-9A1E7A4F7556}") = "Return", "Return\Return.csproj", "{08E98DD5-7B6B-4314-BDA8-7A6458EB7F03}"
EndProject
Project("{9A19103F-16F7-4668-BE54-9A1E7A4F7556}") = "Exepctions", "Exepctions\Exepctions.csproj", "{29E9A35C-0D95-457C-955B-2FF5F4038CDB}"
EndProject
Project("{9A19103F-16F7-4668-BE54-9A1E7A4F7556}") = "Constructors", "Constructors\Constructors.csproj", "{2E491197-3D10-4334-9055-E7855848B7E6}"
EndProject
Project("{9A19103F-16F7-4668-BE54-9A1E7A4F7556}") = "StaticModifier", "ConsoleApp1\StaticModifier.csproj", "{3A5996CA-CEF9-40D3-93DA-DEB47D1BAF69}"
EndProject
Project("{FAE04EC0-301F-11D3-BF4B-00C04F79EFBC}") = "Lists", "Lists\Lists.csproj", "{C1D12F36-AC35-44D7-B92D-EDE8B1C57CA8}"
EndProject
Project("{FAE04EC0-301F-11D3-BF4B-00C04F79EFBC}") = "ListObjects", "ListObjects\ListObjects.csproj", "{9D047E07-4B88-4A7B-BC9C-161B8D2FCFD4}"
EndProject
Global
	GlobalSection(SolutionConfigurationPlatforms) = preSolution
		Debug|Any CPU = Debug|Any CPU
		Release|Any CPU = Release|Any CPU
	EndGlobalSection
	GlobalSection(ProjectConfigurationPlatforms) = postSolution
		{99F9956C-5F1D-4B13-84E3-9D7971B86C64}.Debug|Any CPU.ActiveCfg = Debug|Any CPU
		{99F9956C-5F1D-4B13-84E3-9D7971B86C64}.Debug|Any CPU.Build.0 = Debug|Any CPU
		{99F9956C-5F1D-4B13-84E3-9D7971B86C64}.Release|Any CPU.ActiveCfg = Release|Any CPU
		{99F9956C-5F1D-4B13-84E3-9D7971B86C64}.Release|Any CPU.Build.0 = Release|Any CPU
		{B1B68385-6C75-4AEF-A1A0-0D31B916D296}.Debug|Any CPU.ActiveCfg = Debug|Any CPU
		{B1B68385-6C75-4AEF-A1A0-0D31B916D296}.Debug|Any CPU.Build.0 = Debug|Any CPU
		{B1B68385-6C75-4AEF-A1A0-0D31B916D296}.Release|Any CPU.ActiveCfg = Release|Any CPU
		{B1B68385-6C75-4AEF-A1A0-0D31B916D296}.Release|Any CPU.Build.0 = Release|Any CPU
		{B4245163-5C09-40F9-90BF-0724DA9725D8}.Debug|Any CPU.ActiveCfg = Debug|Any CPU
		{B4245163-5C09-40F9-90BF-0724DA9725D8}.Debug|Any CPU.Build.0 = Debug|Any CPU
		{B4245163-5C09-40F9-90BF-0724DA9725D8}.Release|Any CPU.ActiveCfg = Release|Any CPU
		{B4245163-5C09-40F9-90BF-0724DA9725D8}.Release|Any CPU.Build.0 = Release|Any CPU
		{C9BC847D-7672-4CC6-A3DD-100D0E744B53}.Debug|Any CPU.ActiveCfg = Debug|Any CPU
		{C9BC847D-7672-4CC6-A3DD-100D0E744B53}.Debug|Any CPU.Build.0 = Debug|Any CPU
		{C9BC847D-7672-4CC6-A3DD-100D0E744B53}.Release|Any CPU.ActiveCfg = Release|Any CPU
		{C9BC847D-7672-4CC6-A3DD-100D0E744B53}.Release|Any CPU.Build.0 = Release|Any CPU
		{0A6BDB6A-ACB6-43FE-9FCC-18444150C59B}.Debug|Any CPU.ActiveCfg = Debug|Any CPU
		{0A6BDB6A-ACB6-43FE-9FCC-18444150C59B}.Debug|Any CPU.Build.0 = Debug|Any CPU
		{0A6BDB6A-ACB6-43FE-9FCC-18444150C59B}.Release|Any CPU.ActiveCfg = Release|Any CPU
		{0A6BDB6A-ACB6-43FE-9FCC-18444150C59B}.Release|Any CPU.Build.0 = Release|Any CPU
		{250E23B1-4955-4636-907E-D9831A933CDD}.Debug|Any CPU.ActiveCfg = Debug|Any CPU
		{250E23B1-4955-4636-907E-D9831A933CDD}.Debug|Any CPU.Build.0 = Debug|Any CPU
		{250E23B1-4955-4636-907E-D9831A933CDD}.Release|Any CPU.ActiveCfg = Release|Any CPU
		{250E23B1-4955-4636-907E-D9831A933CDD}.Release|Any CPU.Build.0 = Release|Any CPU
		{08E98DD5-7B6B-4314-BDA8-7A6458EB7F03}.Debug|Any CPU.ActiveCfg = Debug|Any CPU
		{08E98DD5-7B6B-4314-BDA8-7A6458EB7F03}.Debug|Any CPU.Build.0 = Debug|Any CPU
		{08E98DD5-7B6B-4314-BDA8-7A6458EB7F03}.Release|Any CPU.ActiveCfg = Release|Any CPU
		{08E98DD5-7B6B-4314-BDA8-7A6458EB7F03}.Release|Any CPU.Build.0 = Release|Any CPU
		{29E9A35C-0D95-457C-955B-2FF5F4038CDB}.Debug|Any CPU.ActiveCfg = Debug|Any CPU
		{29E9A35C-0D95-457C-955B-2FF5F4038CDB}.Debug|Any CPU.Build.0 = Debug|Any CPU
		{29E9A35C-0D95-457C-955B-2FF5F4038CDB}.Release|Any CPU.ActiveCfg = Release|Any CPU
		{29E9A35C-0D95-457C-955B-2FF5F4038CDB}.Release|Any CPU.Build.0 = Release|Any CPU
		{2E491197-3D10-4334-9055-E7855848B7E6}.Debug|Any CPU.ActiveCfg = Debug|Any CPU
		{2E491197-3D10-4334-9055-E7855848B7E6}.Debug|Any CPU.Build.0 = Debug|Any CPU
		{2E491197-3D10-4334-9055-E7855848B7E6}.Release|Any CPU.ActiveCfg = Release|Any CPU
		{2E491197-3D10-4334-9055-E7855848B7E6}.Release|Any CPU.Build.0 = Release|Any CPU
		{3A5996CA-CEF9-40D3-93DA-DEB47D1BAF69}.Debug|Any CPU.ActiveCfg = Debug|Any CPU
		{3A5996CA-CEF9-40D3-93DA-DEB47D1BAF69}.Debug|Any CPU.Build.0 = Debug|Any CPU
		{3A5996CA-CEF9-40D3-93DA-DEB47D1BAF69}.Release|Any CPU.ActiveCfg = Release|Any CPU
		{3A5996CA-CEF9-40D3-93DA-DEB47D1BAF69}.Release|Any CPU.Build.0 = Release|Any CPU
		{C1D12F36-AC35-44D7-B92D-EDE8B1C57CA8}.Debug|Any CPU.ActiveCfg = Debug|Any CPU
		{C1D12F36-AC35-44D7-B92D-EDE8B1C57CA8}.Debug|Any CPU.Build.0 = Debug|Any CPU
		{C1D12F36-AC35-44D7-B92D-EDE8B1C57CA8}.Release|Any CPU.ActiveCfg = Release|Any CPU
		{C1D12F36-AC35-44D7-B92D-EDE8B1C57CA8}.Release|Any CPU.Build.0 = Release|Any CPU
		{9D047E07-4B88-4A7B-BC9C-161B8D2FCFD4}.Debug|Any CPU.ActiveCfg = Debug|Any CPU
		{9D047E07-4B88-4A7B-BC9C-161B8D2FCFD4}.Debug|Any CPU.Build.0 = Debug|Any CPU
		{9D047E07-4B88-4A7B-BC9C-161B8D2FCFD4}.Release|Any CPU.ActiveCfg = Release|Any CPU
		{9D047E07-4B88-4A7B-BC9C-161B8D2FCFD4}.Release|Any CPU.Build.0 = Release|Any CPU
	EndGlobalSection
	GlobalSection(SolutionProperties) = preSolution
		HideSolutionNode = FALSE
	EndGlobalSection
	GlobalSection(ExtensibilityGlobals) = postSolution
		SolutionGuid = {44AAE741-7E7B-404B-B51B-F01907832FE7}
	EndGlobalSection
EndGlobal
